// !$*UTF8*$!
{
	archiveVersion = 1;
	classes = {
	};
	objectVersion = 56;
	objects = {

/* Begin PBXBuildFile section */
		B8A42BE12C50C62B00FA0D54 /* APIService.swift in Sources */ = {isa = PBXBuildFile; fileRef = B8A42BE02C50C62B00FA0D54 /* APIService.swift */; };
		B8A42BE32C50C66700FA0D54 /* APIManager.swift in Sources */ = {isa = PBXBuildFile; fileRef = B8A42BE22C50C66700FA0D54 /* APIManager.swift */; };
		B8A42BE62C50D56100FA0D54 /* Photo.swift in Sources */ = {isa = PBXBuildFile; fileRef = B8A42BE52C50D56100FA0D54 /* Photo.swift */; };
		B8A42BE82C51D67A00FA0D54 /* UserProfileView.swift in Sources */ = {isa = PBXBuildFile; fileRef = B8A42BE72C51D67A00FA0D54 /* UserProfileView.swift */; };
		B8A42C062C523F2A00FA0D54 /* Date+Extension.swift in Sources */ = {isa = PBXBuildFile; fileRef = B8A42C052C523F2A00FA0D54 /* Date+Extension.swift */; };
		B8A42C082C5256EB00FA0D54 /* PhotoStatistics.swift in Sources */ = {isa = PBXBuildFile; fileRef = B8A42C072C5256EB00FA0D54 /* PhotoStatistics.swift */; };
		B8A42C0A2C526D2B00FA0D54 /* SearchModel.swift in Sources */ = {isa = PBXBuildFile; fileRef = B8A42C092C526D2B00FA0D54 /* SearchModel.swift */; };
		B8A42C0D2C535DD000FA0D54 /* SavePhotoRepository.swift in Sources */ = {isa = PBXBuildFile; fileRef = B8A42C0C2C535DD000FA0D54 /* SavePhotoRepository.swift */; };
		B8A42C0F2C535ED500FA0D54 /* SavedPhoto.swift in Sources */ = {isa = PBXBuildFile; fileRef = B8A42C0E2C535ED500FA0D54 /* SavedPhoto.swift */; };
		B8A42C112C5363E200FA0D54 /* SavedPhotoVM.swift in Sources */ = {isa = PBXBuildFile; fileRef = B8A42C102C5363E200FA0D54 /* SavedPhotoVM.swift */; };
		B8A42C132C53738300FA0D54 /* String+Extension.swift in Sources */ = {isa = PBXBuildFile; fileRef = B8A42C122C53738300FA0D54 /* String+Extension.swift */; };
		B8A42C1A2C53899900FA0D54 /* RealmSwift in Frameworks */ = {isa = PBXBuildFile; productRef = B8A42C192C53899900FA0D54 /* RealmSwift */; };
		B8A42C1B2C5389A700FA0D54 /* RealmSwift in Embed Frameworks */ = {isa = PBXBuildFile; productRef = B8A42C192C53899900FA0D54 /* RealmSwift */; settings = {ATTRIBUTES = (CodeSignOnCopy, ); }; };
		B8DE64AC2C4E3E5A0054E882 /* AppDelegate.swift in Sources */ = {isa = PBXBuildFile; fileRef = B8DE64AB2C4E3E5A0054E882 /* AppDelegate.swift */; };
		B8DE64AE2C4E3E5A0054E882 /* SceneDelegate.swift in Sources */ = {isa = PBXBuildFile; fileRef = B8DE64AD2C4E3E5A0054E882 /* SceneDelegate.swift */; };
		B8DE64B52C4E3E5B0054E882 /* Assets.xcassets in Resources */ = {isa = PBXBuildFile; fileRef = B8DE64B42C4E3E5B0054E882 /* Assets.xcassets */; };
		B8DE64B82C4E3E5B0054E882 /* Base in Resources */ = {isa = PBXBuildFile; fileRef = B8DE64B72C4E3E5B0054E882 /* Base */; };
		B8DE64C02C4E3E760054E882 /* .gitignore in Resources */ = {isa = PBXBuildFile; fileRef = B8DE64BF2C4E3E760054E882 /* .gitignore */; };
		B8DE64C32C4E3F4F0054E882 /* IQKeyboardManagerSwift in Frameworks */ = {isa = PBXBuildFile; productRef = B8DE64C22C4E3F4F0054E882 /* IQKeyboardManagerSwift */; };
		B8DE64C62C4E3F590054E882 /* SnapKit in Frameworks */ = {isa = PBXBuildFile; productRef = B8DE64C52C4E3F590054E882 /* SnapKit */; };
		B8DE64C92C4E3F640054E882 /* Alamofire in Frameworks */ = {isa = PBXBuildFile; productRef = B8DE64C82C4E3F640054E882 /* Alamofire */; };
		B8DE64CF2C4E3FFA0054E882 /* Toast in Frameworks */ = {isa = PBXBuildFile; productRef = B8DE64CE2C4E3FFA0054E882 /* Toast */; };
		B8DE64D22C4E40340054E882 /* Kingfisher in Frameworks */ = {isa = PBXBuildFile; productRef = B8DE64D12C4E40340054E882 /* Kingfisher */; };
		B8DE64D42C4E40430054E882 /* APIInfo.swift in Sources */ = {isa = PBXBuildFile; fileRef = B8DE64D32C4E40430054E882 /* APIInfo.swift */; };
		B8DE64D92C4E420A0054E882 /* BaseVC.swift in Sources */ = {isa = PBXBuildFile; fileRef = B8DE64D82C4E420A0054E882 /* BaseVC.swift */; };
		B8DE64DB2C4E42430054E882 /* BaseVM.swift in Sources */ = {isa = PBXBuildFile; fileRef = B8DE64DA2C4E42430054E882 /* BaseVM.swift */; };
		B8DE64DD2C4E42520054E882 /* MainTBC.swift in Sources */ = {isa = PBXBuildFile; fileRef = B8DE64DC2C4E42520054E882 /* MainTBC.swift */; };
		B8DE64DF2C4E42890054E882 /* OnboardingVC.swift in Sources */ = {isa = PBXBuildFile; fileRef = B8DE64DE2C4E42890054E882 /* OnboardingVC.swift */; };
		B8DE64E22C4E43140054E882 /* ImageAssets.swift in Sources */ = {isa = PBXBuildFile; fileRef = B8DE64E12C4E43140054E882 /* ImageAssets.swift */; };
		B8DE64E42C4E43770054E882 /* Localized.swift in Sources */ = {isa = PBXBuildFile; fileRef = B8DE64E32C4E43770054E882 /* Localized.swift */; };
		B8DE64E62C4E43B70054E882 /* Color.swift in Sources */ = {isa = PBXBuildFile; fileRef = B8DE64E52C4E43B70054E882 /* Color.swift */; };
		B8DE64E92C4E44130054E882 /* BaseButton.swift in Sources */ = {isa = PBXBuildFile; fileRef = B8DE64E82C4E44130054E882 /* BaseButton.swift */; };
		B8DE64EC2C4E446C0054E882 /* UIColor+Extension.swift in Sources */ = {isa = PBXBuildFile; fileRef = B8DE64EB2C4E446C0054E882 /* UIColor+Extension.swift */; };
		B8DE64EE2C4E447B0054E882 /* UIViewController+Extension.swift in Sources */ = {isa = PBXBuildFile; fileRef = B8DE64ED2C4E447B0054E882 /* UIViewController+Extension.swift */; };
		B8DE64F02C4E44A60054E882 /* FileManager.swift in Sources */ = {isa = PBXBuildFile; fileRef = B8DE64EF2C4E44A60054E882 /* FileManager.swift */; };
		B8DE64F22C4E44F30054E882 /* Observable.swift in Sources */ = {isa = PBXBuildFile; fileRef = B8DE64F12C4E44F30054E882 /* Observable.swift */; };
		B8DE64F42C4E45090054E882 /* Character.swift in Sources */ = {isa = PBXBuildFile; fileRef = B8DE64F32C4E45090054E882 /* Character.swift */; };
		B8DE64F62C4E459C0054E882 /* ButtonType.swift in Sources */ = {isa = PBXBuildFile; fileRef = B8DE64F52C4E459C0054E882 /* ButtonType.swift */; };
		B8DE64F82C4E45BD0054E882 /* BaseFont.swift in Sources */ = {isa = PBXBuildFile; fileRef = B8DE64F72C4E45BD0054E882 /* BaseFont.swift */; };
		B8DE64FF2C4E48BC0054E882 /* TrendVC.swift in Sources */ = {isa = PBXBuildFile; fileRef = B8DE64FE2C4E48BC0054E882 /* TrendVC.swift */; };
		B8DE65012C4E48C30054E882 /* RandomPhotoVC.swift in Sources */ = {isa = PBXBuildFile; fileRef = B8DE65002C4E48C30054E882 /* RandomPhotoVC.swift */; };
		B8DE65032C4E48C90054E882 /* SearchPhotoVC.swift in Sources */ = {isa = PBXBuildFile; fileRef = B8DE65022C4E48C90054E882 /* SearchPhotoVC.swift */; };
		B8DE65052C4E48D10054E882 /* SavedPhotoVC.swift in Sources */ = {isa = PBXBuildFile; fileRef = B8DE65042C4E48D10054E882 /* SavedPhotoVC.swift */; };
		B8DE65092C4E4A8C0054E882 /* ProfileSettingVC.swift in Sources */ = {isa = PBXBuildFile; fileRef = B8DE65082C4E4A8C0054E882 /* ProfileSettingVC.swift */; };
		B8DE650B2C4E4A920054E882 /* ProfileSettingVM.swift in Sources */ = {isa = PBXBuildFile; fileRef = B8DE650A2C4E4A920054E882 /* ProfileSettingVM.swift */; };
		B8DE650D2C4E4B0C0054E882 /* CharacterView.swift in Sources */ = {isa = PBXBuildFile; fileRef = B8DE650C2C4E4B0C0054E882 /* CharacterView.swift */; };
		B8DE650F2C4E4B710054E882 /* CharacterStyle.swift in Sources */ = {isa = PBXBuildFile; fileRef = B8DE650E2C4E4B710054E882 /* CharacterStyle.swift */; };
		B8DE65112C4E4C100054E882 /* ProfileVCType.swift in Sources */ = {isa = PBXBuildFile; fileRef = B8DE65102C4E4C100054E882 /* ProfileVCType.swift */; };
		B8DE65142C4E505D0054E882 /* User.swift in Sources */ = {isa = PBXBuildFile; fileRef = B8DE65132C4E505D0054E882 /* User.swift */; };
		B8DE65162C4E50B80054E882 /* SelectCharacterVC.swift in Sources */ = {isa = PBXBuildFile; fileRef = B8DE65152C4E50B80054E882 /* SelectCharacterVC.swift */; };
		B8DE65182C4E50EA0054E882 /* SelectCharacterVM.swift in Sources */ = {isa = PBXBuildFile; fileRef = B8DE65172C4E50EA0054E882 /* SelectCharacterVM.swift */; };
		B8DE651B2C4E51130054E882 /* CharacterCollectionViewCell.swift in Sources */ = {isa = PBXBuildFile; fileRef = B8DE651A2C4E51130054E882 /* CharacterCollectionViewCell.swift */; };
		B8DE654A2C4F96A70054E882 /* TrendVM.swift in Sources */ = {isa = PBXBuildFile; fileRef = B8DE65492C4F96A70054E882 /* TrendVM.swift */; };
		B8DE654D2C4F9BF60054E882 /* TrendTableViewCell.swift in Sources */ = {isa = PBXBuildFile; fileRef = B8DE654C2C4F9BF60054E882 /* TrendTableViewCell.swift */; };
		B8DE654F2C4F9C9F0054E882 /* Cell+Extension.swift in Sources */ = {isa = PBXBuildFile; fileRef = B8DE654E2C4F9C9F0054E882 /* Cell+Extension.swift */; };
		B8DE65512C4F9D8A0054E882 /* PhotoCollectionViewCell.swift in Sources */ = {isa = PBXBuildFile; fileRef = B8DE65502C4F9D8A0054E882 /* PhotoCollectionViewCell.swift */; };
		B8DE65562C4FEB130054E882 /* SearchPhotoVM.swift in Sources */ = {isa = PBXBuildFile; fileRef = B8DE65552C4FEB130054E882 /* SearchPhotoVM.swift */; };
		B8DE655A2C4FF24E0054E882 /* LikedView.swift in Sources */ = {isa = PBXBuildFile; fileRef = B8DE65592C4FF24E0054E882 /* LikedView.swift */; };
		B8DE655C2C50760F0054E882 /* SearchPhotoCollectionViewCell.swift in Sources */ = {isa = PBXBuildFile; fileRef = B8DE655B2C50760F0054E882 /* SearchPhotoCollectionViewCell.swift */; };
		B8DE655E2C5076DE0054E882 /* TrendCollectionViewCell.swift in Sources */ = {isa = PBXBuildFile; fileRef = B8DE655D2C5076DE0054E882 /* TrendCollectionViewCell.swift */; };
		B8DE65612C507DF00054E882 /* SavedPhotoCollectionViewCell.swift in Sources */ = {isa = PBXBuildFile; fileRef = B8DE65602C507DF00054E882 /* SavedPhotoCollectionViewCell.swift */; };
		B8DE65642C5080170054E882 /* PhotoDetailVC.swift in Sources */ = {isa = PBXBuildFile; fileRef = B8DE65632C5080170054E882 /* PhotoDetailVC.swift */; };
		B8DE65672C5080310054E882 /* PhotoDetailVM.swift in Sources */ = {isa = PBXBuildFile; fileRef = B8DE65662C5080310054E882 /* PhotoDetailVM.swift */; };
/* End PBXBuildFile section */

/* Begin PBXCopyFilesBuildPhase section */
		B8A42C012C52152000FA0D54 /* Embed Frameworks */ = {
			isa = PBXCopyFilesBuildPhase;
			buildActionMask = 2147483647;
			dstPath = "";
			dstSubfolderSpec = 10;
			files = (
				B8A42C1B2C5389A700FA0D54 /* RealmSwift in Embed Frameworks */,
			);
			name = "Embed Frameworks";
			runOnlyForDeploymentPostprocessing = 0;
		};
/* End PBXCopyFilesBuildPhase section */

/* Begin PBXFileReference section */
		B8A42BE02C50C62B00FA0D54 /* APIService.swift */ = {isa = PBXFileReference; lastKnownFileType = sourcecode.swift; path = APIService.swift; sourceTree = "<group>"; };
		B8A42BE22C50C66700FA0D54 /* APIManager.swift */ = {isa = PBXFileReference; lastKnownFileType = sourcecode.swift; path = APIManager.swift; sourceTree = "<group>"; };
		B8A42BE52C50D56100FA0D54 /* Photo.swift */ = {isa = PBXFileReference; lastKnownFileType = sourcecode.swift; path = Photo.swift; sourceTree = "<group>"; };
		B8A42BE72C51D67A00FA0D54 /* UserProfileView.swift */ = {isa = PBXFileReference; lastKnownFileType = sourcecode.swift; path = UserProfileView.swift; sourceTree = "<group>"; };
		B8A42C052C523F2A00FA0D54 /* Date+Extension.swift */ = {isa = PBXFileReference; lastKnownFileType = sourcecode.swift; path = "Date+Extension.swift"; sourceTree = "<group>"; };
		B8A42C072C5256EB00FA0D54 /* PhotoStatistics.swift */ = {isa = PBXFileReference; lastKnownFileType = sourcecode.swift; path = PhotoStatistics.swift; sourceTree = "<group>"; };
		B8A42C092C526D2B00FA0D54 /* SearchModel.swift */ = {isa = PBXFileReference; lastKnownFileType = sourcecode.swift; path = SearchModel.swift; sourceTree = "<group>"; };
		B8A42C0C2C535DD000FA0D54 /* SavePhotoRepository.swift */ = {isa = PBXFileReference; lastKnownFileType = sourcecode.swift; path = SavePhotoRepository.swift; sourceTree = "<group>"; };
		B8A42C0E2C535ED500FA0D54 /* SavedPhoto.swift */ = {isa = PBXFileReference; lastKnownFileType = sourcecode.swift; path = SavedPhoto.swift; sourceTree = "<group>"; };
		B8A42C102C5363E200FA0D54 /* SavedPhotoVM.swift */ = {isa = PBXFileReference; lastKnownFileType = sourcecode.swift; path = SavedPhotoVM.swift; sourceTree = "<group>"; };
		B8A42C122C53738300FA0D54 /* String+Extension.swift */ = {isa = PBXFileReference; lastKnownFileType = sourcecode.swift; path = "String+Extension.swift"; sourceTree = "<group>"; };
		B8DE64A82C4E3E5A0054E882 /* MyPalette.app */ = {isa = PBXFileReference; explicitFileType = wrapper.application; includeInIndex = 0; path = MyPalette.app; sourceTree = BUILT_PRODUCTS_DIR; };
		B8DE64AB2C4E3E5A0054E882 /* AppDelegate.swift */ = {isa = PBXFileReference; lastKnownFileType = sourcecode.swift; path = AppDelegate.swift; sourceTree = "<group>"; };
		B8DE64AD2C4E3E5A0054E882 /* SceneDelegate.swift */ = {isa = PBXFileReference; lastKnownFileType = sourcecode.swift; path = SceneDelegate.swift; sourceTree = "<group>"; };
		B8DE64B42C4E3E5B0054E882 /* Assets.xcassets */ = {isa = PBXFileReference; lastKnownFileType = folder.assetcatalog; path = Assets.xcassets; sourceTree = "<group>"; };
		B8DE64B72C4E3E5B0054E882 /* Base */ = {isa = PBXFileReference; lastKnownFileType = file.storyboard; name = Base; path = Base.lproj/LaunchScreen.storyboard; sourceTree = "<group>"; };
		B8DE64B92C4E3E5B0054E882 /* Info.plist */ = {isa = PBXFileReference; lastKnownFileType = text.plist.xml; path = Info.plist; sourceTree = "<group>"; };
		B8DE64BF2C4E3E760054E882 /* .gitignore */ = {isa = PBXFileReference; lastKnownFileType = text; path = .gitignore; sourceTree = "<group>"; };
		B8DE64D32C4E40430054E882 /* APIInfo.swift */ = {isa = PBXFileReference; lastKnownFileType = sourcecode.swift; path = APIInfo.swift; sourceTree = "<group>"; };
		B8DE64D82C4E420A0054E882 /* BaseVC.swift */ = {isa = PBXFileReference; lastKnownFileType = sourcecode.swift; path = BaseVC.swift; sourceTree = "<group>"; };
		B8DE64DA2C4E42430054E882 /* BaseVM.swift */ = {isa = PBXFileReference; lastKnownFileType = sourcecode.swift; path = BaseVM.swift; sourceTree = "<group>"; };
		B8DE64DC2C4E42520054E882 /* MainTBC.swift */ = {isa = PBXFileReference; lastKnownFileType = sourcecode.swift; path = MainTBC.swift; sourceTree = "<group>"; };
		B8DE64DE2C4E42890054E882 /* OnboardingVC.swift */ = {isa = PBXFileReference; lastKnownFileType = sourcecode.swift; path = OnboardingVC.swift; sourceTree = "<group>"; };
		B8DE64E12C4E43140054E882 /* ImageAssets.swift */ = {isa = PBXFileReference; lastKnownFileType = sourcecode.swift; path = ImageAssets.swift; sourceTree = "<group>"; };
		B8DE64E32C4E43770054E882 /* Localized.swift */ = {isa = PBXFileReference; lastKnownFileType = sourcecode.swift; path = Localized.swift; sourceTree = "<group>"; };
		B8DE64E52C4E43B70054E882 /* Color.swift */ = {isa = PBXFileReference; lastKnownFileType = sourcecode.swift; path = Color.swift; sourceTree = "<group>"; };
		B8DE64E82C4E44130054E882 /* BaseButton.swift */ = {isa = PBXFileReference; lastKnownFileType = sourcecode.swift; path = BaseButton.swift; sourceTree = "<group>"; };
		B8DE64EB2C4E446C0054E882 /* UIColor+Extension.swift */ = {isa = PBXFileReference; lastKnownFileType = sourcecode.swift; path = "UIColor+Extension.swift"; sourceTree = "<group>"; };
		B8DE64ED2C4E447B0054E882 /* UIViewController+Extension.swift */ = {isa = PBXFileReference; lastKnownFileType = sourcecode.swift; path = "UIViewController+Extension.swift"; sourceTree = "<group>"; };
		B8DE64EF2C4E44A60054E882 /* FileManager.swift */ = {isa = PBXFileReference; lastKnownFileType = sourcecode.swift; path = FileManager.swift; sourceTree = "<group>"; };
		B8DE64F12C4E44F30054E882 /* Observable.swift */ = {isa = PBXFileReference; lastKnownFileType = sourcecode.swift; path = Observable.swift; sourceTree = "<group>"; };
		B8DE64F32C4E45090054E882 /* Character.swift */ = {isa = PBXFileReference; lastKnownFileType = sourcecode.swift; path = Character.swift; sourceTree = "<group>"; };
		B8DE64F52C4E459C0054E882 /* ButtonType.swift */ = {isa = PBXFileReference; lastKnownFileType = sourcecode.swift; path = ButtonType.swift; sourceTree = "<group>"; };
		B8DE64F72C4E45BD0054E882 /* BaseFont.swift */ = {isa = PBXFileReference; lastKnownFileType = sourcecode.swift; path = BaseFont.swift; sourceTree = "<group>"; };
		B8DE64FE2C4E48BC0054E882 /* TrendVC.swift */ = {isa = PBXFileReference; lastKnownFileType = sourcecode.swift; path = TrendVC.swift; sourceTree = "<group>"; };
		B8DE65002C4E48C30054E882 /* RandomPhotoVC.swift */ = {isa = PBXFileReference; lastKnownFileType = sourcecode.swift; path = RandomPhotoVC.swift; sourceTree = "<group>"; };
		B8DE65022C4E48C90054E882 /* SearchPhotoVC.swift */ = {isa = PBXFileReference; lastKnownFileType = sourcecode.swift; path = SearchPhotoVC.swift; sourceTree = "<group>"; };
		B8DE65042C4E48D10054E882 /* SavedPhotoVC.swift */ = {isa = PBXFileReference; lastKnownFileType = sourcecode.swift; path = SavedPhotoVC.swift; sourceTree = "<group>"; };
		B8DE65082C4E4A8C0054E882 /* ProfileSettingVC.swift */ = {isa = PBXFileReference; lastKnownFileType = sourcecode.swift; path = ProfileSettingVC.swift; sourceTree = "<group>"; };
		B8DE650A2C4E4A920054E882 /* ProfileSettingVM.swift */ = {isa = PBXFileReference; lastKnownFileType = sourcecode.swift; path = ProfileSettingVM.swift; sourceTree = "<group>"; };
		B8DE650C2C4E4B0C0054E882 /* CharacterView.swift */ = {isa = PBXFileReference; lastKnownFileType = sourcecode.swift; path = CharacterView.swift; sourceTree = "<group>"; };
		B8DE650E2C4E4B710054E882 /* CharacterStyle.swift */ = {isa = PBXFileReference; lastKnownFileType = sourcecode.swift; path = CharacterStyle.swift; sourceTree = "<group>"; };
		B8DE65102C4E4C100054E882 /* ProfileVCType.swift */ = {isa = PBXFileReference; lastKnownFileType = sourcecode.swift; path = ProfileVCType.swift; sourceTree = "<group>"; };
		B8DE65132C4E505D0054E882 /* User.swift */ = {isa = PBXFileReference; lastKnownFileType = sourcecode.swift; path = User.swift; sourceTree = "<group>"; };
		B8DE65152C4E50B80054E882 /* SelectCharacterVC.swift */ = {isa = PBXFileReference; lastKnownFileType = sourcecode.swift; path = SelectCharacterVC.swift; sourceTree = "<group>"; };
		B8DE65172C4E50EA0054E882 /* SelectCharacterVM.swift */ = {isa = PBXFileReference; lastKnownFileType = sourcecode.swift; path = SelectCharacterVM.swift; sourceTree = "<group>"; };
		B8DE651A2C4E51130054E882 /* CharacterCollectionViewCell.swift */ = {isa = PBXFileReference; lastKnownFileType = sourcecode.swift; path = CharacterCollectionViewCell.swift; sourceTree = "<group>"; };
		B8DE65492C4F96A70054E882 /* TrendVM.swift */ = {isa = PBXFileReference; lastKnownFileType = sourcecode.swift; path = TrendVM.swift; sourceTree = "<group>"; };
		B8DE654C2C4F9BF60054E882 /* TrendTableViewCell.swift */ = {isa = PBXFileReference; lastKnownFileType = sourcecode.swift; path = TrendTableViewCell.swift; sourceTree = "<group>"; };
		B8DE654E2C4F9C9F0054E882 /* Cell+Extension.swift */ = {isa = PBXFileReference; lastKnownFileType = sourcecode.swift; path = "Cell+Extension.swift"; sourceTree = "<group>"; };
		B8DE65502C4F9D8A0054E882 /* PhotoCollectionViewCell.swift */ = {isa = PBXFileReference; lastKnownFileType = sourcecode.swift; path = PhotoCollectionViewCell.swift; sourceTree = "<group>"; };
		B8DE65552C4FEB130054E882 /* SearchPhotoVM.swift */ = {isa = PBXFileReference; lastKnownFileType = sourcecode.swift; path = SearchPhotoVM.swift; sourceTree = "<group>"; };
		B8DE65592C4FF24E0054E882 /* LikedView.swift */ = {isa = PBXFileReference; lastKnownFileType = sourcecode.swift; path = LikedView.swift; sourceTree = "<group>"; };
		B8DE655B2C50760F0054E882 /* SearchPhotoCollectionViewCell.swift */ = {isa = PBXFileReference; lastKnownFileType = sourcecode.swift; path = SearchPhotoCollectionViewCell.swift; sourceTree = "<group>"; };
		B8DE655D2C5076DE0054E882 /* TrendCollectionViewCell.swift */ = {isa = PBXFileReference; lastKnownFileType = sourcecode.swift; path = TrendCollectionViewCell.swift; sourceTree = "<group>"; };
		B8DE65602C507DF00054E882 /* SavedPhotoCollectionViewCell.swift */ = {isa = PBXFileReference; lastKnownFileType = sourcecode.swift; path = SavedPhotoCollectionViewCell.swift; sourceTree = "<group>"; };
		B8DE65632C5080170054E882 /* PhotoDetailVC.swift */ = {isa = PBXFileReference; lastKnownFileType = sourcecode.swift; path = PhotoDetailVC.swift; sourceTree = "<group>"; };
		B8DE65662C5080310054E882 /* PhotoDetailVM.swift */ = {isa = PBXFileReference; lastKnownFileType = sourcecode.swift; path = PhotoDetailVM.swift; sourceTree = "<group>"; };
/* End PBXFileReference section */

/* Begin PBXFrameworksBuildPhase section */
		B8DE64A52C4E3E5A0054E882 /* Frameworks */ = {
			isa = PBXFrameworksBuildPhase;
			buildActionMask = 2147483647;
			files = (
				B8A42C1A2C53899900FA0D54 /* RealmSwift in Frameworks */,
				B8DE64D22C4E40340054E882 /* Kingfisher in Frameworks */,
				B8DE64C92C4E3F640054E882 /* Alamofire in Frameworks */,
				B8DE64C32C4E3F4F0054E882 /* IQKeyboardManagerSwift in Frameworks */,
				B8DE64CF2C4E3FFA0054E882 /* Toast in Frameworks */,
				B8DE64C62C4E3F590054E882 /* SnapKit in Frameworks */,
			);
			runOnlyForDeploymentPostprocessing = 0;
		};
/* End PBXFrameworksBuildPhase section */

/* Begin PBXGroup section */
		B8A42BE42C50D4EB00FA0D54 /* Model */ = {
			isa = PBXGroup;
			children = (
				B8A42BE52C50D56100FA0D54 /* Photo.swift */,
				B8A42C072C5256EB00FA0D54 /* PhotoStatistics.swift */,
				B8A42C092C526D2B00FA0D54 /* SearchModel.swift */,
				B8A42C0E2C535ED500FA0D54 /* SavedPhoto.swift */,
			);
			path = Model;
			sourceTree = "<group>";
		};
		B8A42C0B2C535DBE00FA0D54 /* Repository */ = {
			isa = PBXGroup;
			children = (
				B8A42C0C2C535DD000FA0D54 /* SavePhotoRepository.swift */,
			);
			path = Repository;
			sourceTree = "<group>";
		};
		B8DE649F2C4E3E5A0054E882 = {
			isa = PBXGroup;
			children = (
				B8DE64BF2C4E3E760054E882 /* .gitignore */,
				B8DE64AA2C4E3E5A0054E882 /* MyPalette */,
				B8DE64A92C4E3E5A0054E882 /* Products */,
			);
			sourceTree = "<group>";
		};
		B8DE64A92C4E3E5A0054E882 /* Products */ = {
			isa = PBXGroup;
			children = (
				B8DE64A82C4E3E5A0054E882 /* MyPalette.app */,
			);
			name = Products;
			sourceTree = "<group>";
		};
		B8DE64AA2C4E3E5A0054E882 /* MyPalette */ = {
			isa = PBXGroup;
			children = (
				B8A42C0B2C535DBE00FA0D54 /* Repository */,
				B8A42BE42C50D4EB00FA0D54 /* Model */,
				B8DE64D72C4E41F10054E882 /* Abstract */,
				B8DE64D52C4E409E0054E882 /* App */,
				B8DE64D62C4E415F0054E882 /* API */,
				B8DE64E72C4E43EF0054E882 /* Custom */,
				B8DE64EA2C4E44570054E882 /* Extension */,
				B8DE64F92C4E47230054E882 /* UI */,
				B8DE64E02C4E42FB0054E882 /* Utils */,
				B8DE65122C4E4DBA0054E882 /* Service */,
				B8DE64B42C4E3E5B0054E882 /* Assets.xcassets */,
				B8DE64B62C4E3E5B0054E882 /* LaunchScreen.storyboard */,
				B8DE64B92C4E3E5B0054E882 /* Info.plist */,
			);
			path = MyPalette;
			sourceTree = "<group>";
		};
		B8DE64D52C4E409E0054E882 /* App */ = {
			isa = PBXGroup;
			children = (
				B8DE64AB2C4E3E5A0054E882 /* AppDelegate.swift */,
				B8DE64AD2C4E3E5A0054E882 /* SceneDelegate.swift */,
				B8DE64E32C4E43770054E882 /* Localized.swift */,
				B8DE64F12C4E44F30054E882 /* Observable.swift */,
			);
			path = App;
			sourceTree = "<group>";
		};
		B8DE64D62C4E415F0054E882 /* API */ = {
			isa = PBXGroup;
			children = (
				B8DE64D32C4E40430054E882 /* APIInfo.swift */,
				B8A42BE02C50C62B00FA0D54 /* APIService.swift */,
				B8A42BE22C50C66700FA0D54 /* APIManager.swift */,
			);
			path = API;
			sourceTree = "<group>";
		};
		B8DE64D72C4E41F10054E882 /* Abstract */ = {
			isa = PBXGroup;
			children = (
				B8DE64DC2C4E42520054E882 /* MainTBC.swift */,
				B8DE64D82C4E420A0054E882 /* BaseVC.swift */,
				B8DE64DA2C4E42430054E882 /* BaseVM.swift */,
				B8DE64DE2C4E42890054E882 /* OnboardingVC.swift */,
			);
			path = Abstract;
			sourceTree = "<group>";
		};
		B8DE64E02C4E42FB0054E882 /* Utils */ = {
			isa = PBXGroup;
			children = (
				B8DE64F32C4E45090054E882 /* Character.swift */,
				B8DE650E2C4E4B710054E882 /* CharacterStyle.swift */,
				B8DE64E52C4E43B70054E882 /* Color.swift */,
				B8DE64E12C4E43140054E882 /* ImageAssets.swift */,
				B8DE64EF2C4E44A60054E882 /* FileManager.swift */,
				B8DE65102C4E4C100054E882 /* ProfileVCType.swift */,
				B8DE65132C4E505D0054E882 /* User.swift */,
			);
			path = Utils;
			sourceTree = "<group>";
		};
		B8DE64E72C4E43EF0054E882 /* Custom */ = {
			isa = PBXGroup;
			children = (
				B8DE64E82C4E44130054E882 /* BaseButton.swift */,
				B8DE64F52C4E459C0054E882 /* ButtonType.swift */,
				B8DE64F72C4E45BD0054E882 /* BaseFont.swift */,
				B8DE650C2C4E4B0C0054E882 /* CharacterView.swift */,
				B8DE65502C4F9D8A0054E882 /* PhotoCollectionViewCell.swift */,
				B8DE65592C4FF24E0054E882 /* LikedView.swift */,
				B8A42BE72C51D67A00FA0D54 /* UserProfileView.swift */,
			);
			path = Custom;
			sourceTree = "<group>";
		};
		B8DE64EA2C4E44570054E882 /* Extension */ = {
			isa = PBXGroup;
			children = (
				B8DE64EB2C4E446C0054E882 /* UIColor+Extension.swift */,
				B8DE64ED2C4E447B0054E882 /* UIViewController+Extension.swift */,
				B8A42C052C523F2A00FA0D54 /* Date+Extension.swift */,
				B8DE654E2C4F9C9F0054E882 /* Cell+Extension.swift */,
				B8A42C122C53738300FA0D54 /* String+Extension.swift */,
			);
			path = Extension;
			sourceTree = "<group>";
		};
		B8DE64F92C4E47230054E882 /* UI */ = {
			isa = PBXGroup;
			children = (
				B8DE65652C50801C0054E882 /* Detail */,
				B8DE65072C4E4A6E0054E882 /* Profile */,
				B8DE65062C4E4A630054E882 /* Tab */,
			);
			path = UI;
			sourceTree = "<group>";
		};
		B8DE64FA2C4E472F0054E882 /* Trend */ = {
			isa = PBXGroup;
			children = (
				B8DE654B2C4F9BEC0054E882 /* Cell */,
				B8DE64FE2C4E48BC0054E882 /* TrendVC.swift */,
				B8DE65492C4F96A70054E882 /* TrendVM.swift */,
			);
			path = Trend;
			sourceTree = "<group>";
		};
		B8DE64FB2C4E47350054E882 /* RandomPhoto */ = {
			isa = PBXGroup;
			children = (
				B8DE65002C4E48C30054E882 /* RandomPhotoVC.swift */,
			);
			path = RandomPhoto;
			sourceTree = "<group>";
		};
		B8DE64FC2C4E47480054E882 /* SearchPhoto */ = {
			isa = PBXGroup;
			children = (
				B8DE655F2C5076E50054E882 /* Cell */,
				B8DE65022C4E48C90054E882 /* SearchPhotoVC.swift */,
				B8DE65552C4FEB130054E882 /* SearchPhotoVM.swift */,
			);
			path = SearchPhoto;
			sourceTree = "<group>";
		};
		B8DE64FD2C4E47530054E882 /* SavedPhoto */ = {
			isa = PBXGroup;
			children = (
				B8DE65622C507DF30054E882 /* Cell */,
				B8DE65042C4E48D10054E882 /* SavedPhotoVC.swift */,
				B8A42C102C5363E200FA0D54 /* SavedPhotoVM.swift */,
			);
			path = SavedPhoto;
			sourceTree = "<group>";
		};
		B8DE65062C4E4A630054E882 /* Tab */ = {
			isa = PBXGroup;
			children = (
				B8DE64FA2C4E472F0054E882 /* Trend */,
				B8DE64FB2C4E47350054E882 /* RandomPhoto */,
				B8DE64FC2C4E47480054E882 /* SearchPhoto */,
				B8DE64FD2C4E47530054E882 /* SavedPhoto */,
			);
			path = Tab;
			sourceTree = "<group>";
		};
		B8DE65072C4E4A6E0054E882 /* Profile */ = {
			isa = PBXGroup;
			children = (
				B8DE65192C4E50F40054E882 /* Cell */,
				B8DE65082C4E4A8C0054E882 /* ProfileSettingVC.swift */,
				B8DE650A2C4E4A920054E882 /* ProfileSettingVM.swift */,
				B8DE65152C4E50B80054E882 /* SelectCharacterVC.swift */,
				B8DE65172C4E50EA0054E882 /* SelectCharacterVM.swift */,
			);
			path = Profile;
			sourceTree = "<group>";
		};
		B8DE65122C4E4DBA0054E882 /* Service */ = {
			isa = PBXGroup;
			children = (
			);
			path = Service;
			sourceTree = "<group>";
		};
		B8DE65192C4E50F40054E882 /* Cell */ = {
			isa = PBXGroup;
			children = (
				B8DE651A2C4E51130054E882 /* CharacterCollectionViewCell.swift */,
			);
			path = Cell;
			sourceTree = "<group>";
		};
		B8DE654B2C4F9BEC0054E882 /* Cell */ = {
			isa = PBXGroup;
			children = (
				B8DE654C2C4F9BF60054E882 /* TrendTableViewCell.swift */,
				B8DE655D2C5076DE0054E882 /* TrendCollectionViewCell.swift */,
			);
			path = Cell;
			sourceTree = "<group>";
		};
		B8DE655F2C5076E50054E882 /* Cell */ = {
			isa = PBXGroup;
			children = (
				B8DE655B2C50760F0054E882 /* SearchPhotoCollectionViewCell.swift */,
			);
			path = Cell;
			sourceTree = "<group>";
		};
		B8DE65622C507DF30054E882 /* Cell */ = {
			isa = PBXGroup;
			children = (
				B8DE65602C507DF00054E882 /* SavedPhotoCollectionViewCell.swift */,
			);
			path = Cell;
			sourceTree = "<group>";
		};
		B8DE65652C50801C0054E882 /* Detail */ = {
			isa = PBXGroup;
			children = (
				B8DE65632C5080170054E882 /* PhotoDetailVC.swift */,
				B8DE65662C5080310054E882 /* PhotoDetailVM.swift */,
			);
			path = Detail;
			sourceTree = "<group>";
		};
/* End PBXGroup section */

/* Begin PBXNativeTarget section */
		B8DE64A72C4E3E5A0054E882 /* MyPalette */ = {
			isa = PBXNativeTarget;
			buildConfigurationList = B8DE64BC2C4E3E5B0054E882 /* Build configuration list for PBXNativeTarget "MyPalette" */;
			buildPhases = (
				B8DE64A42C4E3E5A0054E882 /* Sources */,
				B8DE64A52C4E3E5A0054E882 /* Frameworks */,
				B8DE64A62C4E3E5A0054E882 /* Resources */,
				B8A42C012C52152000FA0D54 /* Embed Frameworks */,
			);
			buildRules = (
			);
			dependencies = (
			);
			name = MyPalette;
			packageProductDependencies = (
				B8DE64C22C4E3F4F0054E882 /* IQKeyboardManagerSwift */,
				B8DE64C52C4E3F590054E882 /* SnapKit */,
				B8DE64C82C4E3F640054E882 /* Alamofire */,
				B8DE64CE2C4E3FFA0054E882 /* Toast */,
				B8DE64D12C4E40340054E882 /* Kingfisher */,
				B8A42C192C53899900FA0D54 /* RealmSwift */,
			);
			productName = MyPalette;
			productReference = B8DE64A82C4E3E5A0054E882 /* MyPalette.app */;
			productType = "com.apple.product-type.application";
		};
/* End PBXNativeTarget section */

/* Begin PBXProject section */
		B8DE64A02C4E3E5A0054E882 /* Project object */ = {
			isa = PBXProject;
			attributes = {
				BuildIndependentTargetsInParallel = 1;
				LastSwiftUpdateCheck = 1530;
				LastUpgradeCheck = 1530;
				TargetAttributes = {
					B8DE64A72C4E3E5A0054E882 = {
						CreatedOnToolsVersion = 15.3;
					};
				};
			};
			buildConfigurationList = B8DE64A32C4E3E5A0054E882 /* Build configuration list for PBXProject "MyPalette" */;
			compatibilityVersion = "Xcode 14.0";
			developmentRegion = en;
			hasScannedForEncodings = 0;
			knownRegions = (
				en,
				Base,
			);
			mainGroup = B8DE649F2C4E3E5A0054E882;
			packageReferences = (
				B8DE64C12C4E3F4F0054E882 /* XCRemoteSwiftPackageReference "IQKeyboardManager" */,
				B8DE64C42C4E3F590054E882 /* XCRemoteSwiftPackageReference "SnapKit" */,
				B8DE64C72C4E3F640054E882 /* XCRemoteSwiftPackageReference "Alamofire" */,
				B8DE64CD2C4E3FFA0054E882 /* XCRemoteSwiftPackageReference "Toast-Swift" */,
				B8DE64D02C4E40340054E882 /* XCRemoteSwiftPackageReference "Kingfisher" */,
				B8A42C182C53899900FA0D54 /* XCRemoteSwiftPackageReference "realm-swift" */,
			);
			productRefGroup = B8DE64A92C4E3E5A0054E882 /* Products */;
			projectDirPath = "";
			projectRoot = "";
			targets = (
				B8DE64A72C4E3E5A0054E882 /* MyPalette */,
			);
		};
/* End PBXProject section */

/* Begin PBXResourcesBuildPhase section */
		B8DE64A62C4E3E5A0054E882 /* Resources */ = {
			isa = PBXResourcesBuildPhase;
			buildActionMask = 2147483647;
			files = (
				B8DE64C02C4E3E760054E882 /* .gitignore in Resources */,
				B8DE64B52C4E3E5B0054E882 /* Assets.xcassets in Resources */,
				B8DE64B82C4E3E5B0054E882 /* Base in Resources */,
			);
			runOnlyForDeploymentPostprocessing = 0;
		};
/* End PBXResourcesBuildPhase section */

/* Begin PBXSourcesBuildPhase section */
		B8DE64A42C4E3E5A0054E882 /* Sources */ = {
			isa = PBXSourcesBuildPhase;
			buildActionMask = 2147483647;
			files = (
				B8DE64AC2C4E3E5A0054E882 /* AppDelegate.swift in Sources */,
				B8DE64F22C4E44F30054E882 /* Observable.swift in Sources */,
				B8DE64EE2C4E447B0054E882 /* UIViewController+Extension.swift in Sources */,
				B8DE64F82C4E45BD0054E882 /* BaseFont.swift in Sources */,
				B8A42BE32C50C66700FA0D54 /* APIManager.swift in Sources */,
				B8A42C112C5363E200FA0D54 /* SavedPhotoVM.swift in Sources */,
				B8DE64E62C4E43B70054E882 /* Color.swift in Sources */,
				B8DE65052C4E48D10054E882 /* SavedPhotoVC.swift in Sources */,
				B8DE65182C4E50EA0054E882 /* SelectCharacterVM.swift in Sources */,
				B8DE64F02C4E44A60054E882 /* FileManager.swift in Sources */,
				B8DE654A2C4F96A70054E882 /* TrendVM.swift in Sources */,
				B8DE65112C4E4C100054E882 /* ProfileVCType.swift in Sources */,
				B8DE65642C5080170054E882 /* PhotoDetailVC.swift in Sources */,
				B8DE64D42C4E40430054E882 /* APIInfo.swift in Sources */,
				B8DE655E2C5076DE0054E882 /* TrendCollectionViewCell.swift in Sources */,
				B8DE655C2C50760F0054E882 /* SearchPhotoCollectionViewCell.swift in Sources */,
				B8DE64EC2C4E446C0054E882 /* UIColor+Extension.swift in Sources */,
				B8A42BE12C50C62B00FA0D54 /* APIService.swift in Sources */,
				B8DE64F42C4E45090054E882 /* Character.swift in Sources */,
				B8A42C0A2C526D2B00FA0D54 /* SearchModel.swift in Sources */,
				B8DE64E22C4E43140054E882 /* ImageAssets.swift in Sources */,
				B8DE654D2C4F9BF60054E882 /* TrendTableViewCell.swift in Sources */,
				B8DE65562C4FEB130054E882 /* SearchPhotoVM.swift in Sources */,
				B8A42C132C53738300FA0D54 /* String+Extension.swift in Sources */,
				B8A42C082C5256EB00FA0D54 /* PhotoStatistics.swift in Sources */,
				B8DE64DD2C4E42520054E882 /* MainTBC.swift in Sources */,
				B8DE65672C5080310054E882 /* PhotoDetailVM.swift in Sources */,
				B8DE64FF2C4E48BC0054E882 /* TrendVC.swift in Sources */,
				B8DE64E92C4E44130054E882 /* BaseButton.swift in Sources */,
				B8DE64E42C4E43770054E882 /* Localized.swift in Sources */,
				B8DE650F2C4E4B710054E882 /* CharacterStyle.swift in Sources */,
				B8DE65032C4E48C90054E882 /* SearchPhotoVC.swift in Sources */,
				B8DE65092C4E4A8C0054E882 /* ProfileSettingVC.swift in Sources */,
				B8DE650D2C4E4B0C0054E882 /* CharacterView.swift in Sources */,
				B8DE651B2C4E51130054E882 /* CharacterCollectionViewCell.swift in Sources */,
				B8DE65612C507DF00054E882 /* SavedPhotoCollectionViewCell.swift in Sources */,
				B8DE65142C4E505D0054E882 /* User.swift in Sources */,
				B8A42C0F2C535ED500FA0D54 /* SavedPhoto.swift in Sources */,
				B8A42C0D2C535DD000FA0D54 /* SavePhotoRepository.swift in Sources */,
				B8DE64AE2C4E3E5A0054E882 /* SceneDelegate.swift in Sources */,
				B8DE65512C4F9D8A0054E882 /* PhotoCollectionViewCell.swift in Sources */,
				B8DE64F62C4E459C0054E882 /* ButtonType.swift in Sources */,
				B8DE650B2C4E4A920054E882 /* ProfileSettingVM.swift in Sources */,
				B8A42BE82C51D67A00FA0D54 /* UserProfileView.swift in Sources */,
				B8DE64DF2C4E42890054E882 /* OnboardingVC.swift in Sources */,
				B8DE654F2C4F9C9F0054E882 /* Cell+Extension.swift in Sources */,
				B8A42BE62C50D56100FA0D54 /* Photo.swift in Sources */,
				B8DE65162C4E50B80054E882 /* SelectCharacterVC.swift in Sources */,
				B8DE655A2C4FF24E0054E882 /* LikedView.swift in Sources */,
				B8DE64D92C4E420A0054E882 /* BaseVC.swift in Sources */,
				B8DE65012C4E48C30054E882 /* RandomPhotoVC.swift in Sources */,
				B8A42C062C523F2A00FA0D54 /* Date+Extension.swift in Sources */,
				B8DE64DB2C4E42430054E882 /* BaseVM.swift in Sources */,
			);
			runOnlyForDeploymentPostprocessing = 0;
		};
/* End PBXSourcesBuildPhase section */

/* Begin PBXVariantGroup section */
		B8DE64B62C4E3E5B0054E882 /* LaunchScreen.storyboard */ = {
			isa = PBXVariantGroup;
			children = (
				B8DE64B72C4E3E5B0054E882 /* Base */,
			);
			name = LaunchScreen.storyboard;
			sourceTree = "<group>";
		};
/* End PBXVariantGroup section */

/* Begin XCBuildConfiguration section */
		B8DE64BA2C4E3E5B0054E882 /* Debug */ = {
			isa = XCBuildConfiguration;
			buildSettings = {
				ALWAYS_SEARCH_USER_PATHS = NO;
				ASSETCATALOG_COMPILER_GENERATE_ASSET_SYMBOLS = YES;
				ASSETCATALOG_COMPILER_GENERATE_SWIFT_ASSET_SYMBOL_EXTENSIONS = YES;
				CLANG_ANALYZER_NONNULL = YES;
				CLANG_ANALYZER_NUMBER_OBJECT_CONVERSION = YES_AGGRESSIVE;
				CLANG_CXX_LANGUAGE_STANDARD = "gnu++20";
				CLANG_ENABLE_MODULES = YES;
				CLANG_ENABLE_OBJC_ARC = YES;
				CLANG_ENABLE_OBJC_WEAK = YES;
				CLANG_WARN_BLOCK_CAPTURE_AUTORELEASING = YES;
				CLANG_WARN_BOOL_CONVERSION = YES;
				CLANG_WARN_COMMA = YES;
				CLANG_WARN_CONSTANT_CONVERSION = YES;
				CLANG_WARN_DEPRECATED_OBJC_IMPLEMENTATIONS = YES;
				CLANG_WARN_DIRECT_OBJC_ISA_USAGE = YES_ERROR;
				CLANG_WARN_DOCUMENTATION_COMMENTS = YES;
				CLANG_WARN_EMPTY_BODY = YES;
				CLANG_WARN_ENUM_CONVERSION = YES;
				CLANG_WARN_INFINITE_RECURSION = YES;
				CLANG_WARN_INT_CONVERSION = YES;
				CLANG_WARN_NON_LITERAL_NULL_CONVERSION = YES;
				CLANG_WARN_OBJC_IMPLICIT_RETAIN_SELF = YES;
				CLANG_WARN_OBJC_LITERAL_CONVERSION = YES;
				CLANG_WARN_OBJC_ROOT_CLASS = YES_ERROR;
				CLANG_WARN_QUOTED_INCLUDE_IN_FRAMEWORK_HEADER = YES;
				CLANG_WARN_RANGE_LOOP_ANALYSIS = YES;
				CLANG_WARN_STRICT_PROTOTYPES = YES;
				CLANG_WARN_SUSPICIOUS_MOVE = YES;
				CLANG_WARN_UNGUARDED_AVAILABILITY = YES_AGGRESSIVE;
				CLANG_WARN_UNREACHABLE_CODE = YES;
				CLANG_WARN__DUPLICATE_METHOD_MATCH = YES;
				COPY_PHASE_STRIP = NO;
				DEBUG_INFORMATION_FORMAT = dwarf;
				ENABLE_STRICT_OBJC_MSGSEND = YES;
				ENABLE_TESTABILITY = YES;
				ENABLE_USER_SCRIPT_SANDBOXING = YES;
				GCC_C_LANGUAGE_STANDARD = gnu17;
				GCC_DYNAMIC_NO_PIC = NO;
				GCC_NO_COMMON_BLOCKS = YES;
				GCC_OPTIMIZATION_LEVEL = 0;
				GCC_PREPROCESSOR_DEFINITIONS = (
					"DEBUG=1",
					"$(inherited)",
				);
				GCC_WARN_64_TO_32_BIT_CONVERSION = YES;
				GCC_WARN_ABOUT_RETURN_TYPE = YES_ERROR;
				GCC_WARN_UNDECLARED_SELECTOR = YES;
				GCC_WARN_UNINITIALIZED_AUTOS = YES_AGGRESSIVE;
				GCC_WARN_UNUSED_FUNCTION = YES;
				GCC_WARN_UNUSED_VARIABLE = YES;
				IPHONEOS_DEPLOYMENT_TARGET = 15.0;
				LOCALIZATION_PREFERS_STRING_CATALOGS = YES;
				MTL_ENABLE_DEBUG_INFO = INCLUDE_SOURCE;
				MTL_FAST_MATH = YES;
				ONLY_ACTIVE_ARCH = YES;
				SDKROOT = iphoneos;
				SWIFT_ACTIVE_COMPILATION_CONDITIONS = "DEBUG $(inherited)";
				SWIFT_OPTIMIZATION_LEVEL = "-Onone";
			};
			name = Debug;
		};
		B8DE64BB2C4E3E5B0054E882 /* Release */ = {
			isa = XCBuildConfiguration;
			buildSettings = {
				ALWAYS_SEARCH_USER_PATHS = NO;
				ASSETCATALOG_COMPILER_GENERATE_ASSET_SYMBOLS = YES;
				ASSETCATALOG_COMPILER_GENERATE_SWIFT_ASSET_SYMBOL_EXTENSIONS = YES;
				CLANG_ANALYZER_NONNULL = YES;
				CLANG_ANALYZER_NUMBER_OBJECT_CONVERSION = YES_AGGRESSIVE;
				CLANG_CXX_LANGUAGE_STANDARD = "gnu++20";
				CLANG_ENABLE_MODULES = YES;
				CLANG_ENABLE_OBJC_ARC = YES;
				CLANG_ENABLE_OBJC_WEAK = YES;
				CLANG_WARN_BLOCK_CAPTURE_AUTORELEASING = YES;
				CLANG_WARN_BOOL_CONVERSION = YES;
				CLANG_WARN_COMMA = YES;
				CLANG_WARN_CONSTANT_CONVERSION = YES;
				CLANG_WARN_DEPRECATED_OBJC_IMPLEMENTATIONS = YES;
				CLANG_WARN_DIRECT_OBJC_ISA_USAGE = YES_ERROR;
				CLANG_WARN_DOCUMENTATION_COMMENTS = YES;
				CLANG_WARN_EMPTY_BODY = YES;
				CLANG_WARN_ENUM_CONVERSION = YES;
				CLANG_WARN_INFINITE_RECURSION = YES;
				CLANG_WARN_INT_CONVERSION = YES;
				CLANG_WARN_NON_LITERAL_NULL_CONVERSION = YES;
				CLANG_WARN_OBJC_IMPLICIT_RETAIN_SELF = YES;
				CLANG_WARN_OBJC_LITERAL_CONVERSION = YES;
				CLANG_WARN_OBJC_ROOT_CLASS = YES_ERROR;
				CLANG_WARN_QUOTED_INCLUDE_IN_FRAMEWORK_HEADER = YES;
				CLANG_WARN_RANGE_LOOP_ANALYSIS = YES;
				CLANG_WARN_STRICT_PROTOTYPES = YES;
				CLANG_WARN_SUSPICIOUS_MOVE = YES;
				CLANG_WARN_UNGUARDED_AVAILABILITY = YES_AGGRESSIVE;
				CLANG_WARN_UNREACHABLE_CODE = YES;
				CLANG_WARN__DUPLICATE_METHOD_MATCH = YES;
				COPY_PHASE_STRIP = NO;
				DEBUG_INFORMATION_FORMAT = "dwarf-with-dsym";
				ENABLE_NS_ASSERTIONS = NO;
				ENABLE_STRICT_OBJC_MSGSEND = YES;
				ENABLE_USER_SCRIPT_SANDBOXING = YES;
				GCC_C_LANGUAGE_STANDARD = gnu17;
				GCC_NO_COMMON_BLOCKS = YES;
				GCC_WARN_64_TO_32_BIT_CONVERSION = YES;
				GCC_WARN_ABOUT_RETURN_TYPE = YES_ERROR;
				GCC_WARN_UNDECLARED_SELECTOR = YES;
				GCC_WARN_UNINITIALIZED_AUTOS = YES_AGGRESSIVE;
				GCC_WARN_UNUSED_FUNCTION = YES;
				GCC_WARN_UNUSED_VARIABLE = YES;
				IPHONEOS_DEPLOYMENT_TARGET = 15.0;
				LOCALIZATION_PREFERS_STRING_CATALOGS = YES;
				MTL_ENABLE_DEBUG_INFO = NO;
				MTL_FAST_MATH = YES;
				SDKROOT = iphoneos;
				SWIFT_COMPILATION_MODE = wholemodule;
				VALIDATE_PRODUCT = YES;
			};
			name = Release;
		};
		B8DE64BD2C4E3E5B0054E882 /* Debug */ = {
			isa = XCBuildConfiguration;
			buildSettings = {
				ASSETCATALOG_COMPILER_APPICON_NAME = AppIcon;
				ASSETCATALOG_COMPILER_GLOBAL_ACCENT_COLOR_NAME = AccentColor;
				CODE_SIGN_STYLE = Automatic;
				CURRENT_PROJECT_VERSION = 1;
				DEVELOPMENT_TEAM = 9N9NGPM747;
				GENERATE_INFOPLIST_FILE = YES;
				INFOPLIST_FILE = MyPalette/Info.plist;
				INFOPLIST_KEY_UIApplicationSupportsIndirectInputEvents = YES;
				INFOPLIST_KEY_UILaunchStoryboardName = LaunchScreen;
				INFOPLIST_KEY_UISupportedInterfaceOrientations = UIInterfaceOrientationPortrait;
				IPHONEOS_DEPLOYMENT_TARGET = 15.0;
				LD_RUNPATH_SEARCH_PATHS = (
					"$(inherited)",
					"@executable_path/Frameworks",
				);
				MARKETING_VERSION = 1.0;
				PRODUCT_BUNDLE_IDENTIFIER = com.yeji.MyPalette;
				PRODUCT_NAME = "$(TARGET_NAME)";
				SUPPORTED_PLATFORMS = "iphoneos iphonesimulator";
				SUPPORTS_MACCATALYST = NO;
				SUPPORTS_MAC_DESIGNED_FOR_IPHONE_IPAD = NO;
				SUPPORTS_XR_DESIGNED_FOR_IPHONE_IPAD = NO;
				SWIFT_EMIT_LOC_STRINGS = YES;
				SWIFT_VERSION = 5.0;
				TARGETED_DEVICE_FAMILY = 1;
			};
			name = Debug;
		};
		B8DE64BE2C4E3E5B0054E882 /* Release */ = {
			isa = XCBuildConfiguration;
			buildSettings = {
				ASSETCATALOG_COMPILER_APPICON_NAME = AppIcon;
				ASSETCATALOG_COMPILER_GLOBAL_ACCENT_COLOR_NAME = AccentColor;
				CODE_SIGN_STYLE = Automatic;
				CURRENT_PROJECT_VERSION = 1;
				DEVELOPMENT_TEAM = 9N9NGPM747;
				GENERATE_INFOPLIST_FILE = YES;
				INFOPLIST_FILE = MyPalette/Info.plist;
				INFOPLIST_KEY_UIApplicationSupportsIndirectInputEvents = YES;
				INFOPLIST_KEY_UILaunchStoryboardName = LaunchScreen;
				INFOPLIST_KEY_UISupportedInterfaceOrientations = UIInterfaceOrientationPortrait;
				IPHONEOS_DEPLOYMENT_TARGET = 15.0;
				LD_RUNPATH_SEARCH_PATHS = (
					"$(inherited)",
					"@executable_path/Frameworks",
				);
				MARKETING_VERSION = 1.0;
				PRODUCT_BUNDLE_IDENTIFIER = com.yeji.MyPalette;
				PRODUCT_NAME = "$(TARGET_NAME)";
				SUPPORTED_PLATFORMS = "iphoneos iphonesimulator";
				SUPPORTS_MACCATALYST = NO;
				SUPPORTS_MAC_DESIGNED_FOR_IPHONE_IPAD = NO;
				SUPPORTS_XR_DESIGNED_FOR_IPHONE_IPAD = NO;
				SWIFT_EMIT_LOC_STRINGS = YES;
				SWIFT_VERSION = 5.0;
				TARGETED_DEVICE_FAMILY = 1;
			};
			name = Release;
		};
/* End XCBuildConfiguration section */

/* Begin XCConfigurationList section */
		B8DE64A32C4E3E5A0054E882 /* Build configuration list for PBXProject "MyPalette" */ = {
			isa = XCConfigurationList;
			buildConfigurations = (
				B8DE64BA2C4E3E5B0054E882 /* Debug */,
				B8DE64BB2C4E3E5B0054E882 /* Release */,
			);
			defaultConfigurationIsVisible = 0;
			defaultConfigurationName = Release;
		};
		B8DE64BC2C4E3E5B0054E882 /* Build configuration list for PBXNativeTarget "MyPalette" */ = {
			isa = XCConfigurationList;
			buildConfigurations = (
				B8DE64BD2C4E3E5B0054E882 /* Debug */,
				B8DE64BE2C4E3E5B0054E882 /* Release */,
			);
			defaultConfigurationIsVisible = 0;
			defaultConfigurationName = Release;
		};
/* End XCConfigurationList section */

/* Begin XCRemoteSwiftPackageReference section */
		B8A42C182C53899900FA0D54 /* XCRemoteSwiftPackageReference "realm-swift" */ = {
			isa = XCRemoteSwiftPackageReference;
			repositoryURL = "https://github.com/realm/realm-swift";
			requirement = {
				kind = exactVersion;
				version = 10.52.2;
			};
		};
		B8DE64C12C4E3F4F0054E882 /* XCRemoteSwiftPackageReference "IQKeyboardManager" */ = {
			isa = XCRemoteSwiftPackageReference;
			repositoryURL = "https://github.com/hackiftekhar/IQKeyboardManager";
			requirement = {
				kind = upToNextMajorVersion;
				minimumVersion = 7.1.1;
			};
		};
		B8DE64C42C4E3F590054E882 /* XCRemoteSwiftPackageReference "SnapKit" */ = {
			isa = XCRemoteSwiftPackageReference;
			repositoryURL = "https://github.com/SnapKit/SnapKit.git";
			requirement = {
				kind = upToNextMajorVersion;
				minimumVersion = 5.7.1;
			};
		};
		B8DE64C72C4E3F640054E882 /* XCRemoteSwiftPackageReference "Alamofire" */ = {
			isa = XCRemoteSwiftPackageReference;
			repositoryURL = "https://github.com/Alamofire/Alamofire.git";
			requirement = {
				kind = upToNextMajorVersion;
				minimumVersion = 5.9.1;
			};
		};
		B8DE64CD2C4E3FFA0054E882 /* XCRemoteSwiftPackageReference "Toast-Swift" */ = {
			isa = XCRemoteSwiftPackageReference;
			repositoryURL = "https://github.com/scalessec/Toast-Swift.git";
			requirement = {
				kind = upToNextMajorVersion;
				minimumVersion = 5.1.1;
			};
		};
		B8DE64D02C4E40340054E882 /* XCRemoteSwiftPackageReference "Kingfisher" */ = {
			isa = XCRemoteSwiftPackageReference;
			repositoryURL = "https://github.com/onevcat/Kingfisher";
			requirement = {
				kind = upToNextMajorVersion;
				minimumVersion = 7.12.0;
			};
		};
/* End XCRemoteSwiftPackageReference section */

/* Begin XCSwiftPackageProductDependency section */
		B8A42C192C53899900FA0D54 /* RealmSwift */ = {
			isa = XCSwiftPackageProductDependency;
			package = B8A42C182C53899900FA0D54 /* XCRemoteSwiftPackageReference "realm-swift" */;
			productName = RealmSwift;
		};
		B8DE64C22C4E3F4F0054E882 /* IQKeyboardManagerSwift */ = {
			isa = XCSwiftPackageProductDependency;
			package = B8DE64C12C4E3F4F0054E882 /* XCRemoteSwiftPackageReference "IQKeyboardManager" */;
			productName = IQKeyboardManagerSwift;
		};
		B8DE64C52C4E3F590054E882 /* SnapKit */ = {
			isa = XCSwiftPackageProductDependency;
			package = B8DE64C42C4E3F590054E882 /* XCRemoteSwiftPackageReference "SnapKit" */;
			productName = SnapKit;
		};
		B8DE64C82C4E3F640054E882 /* Alamofire */ = {
			isa = XCSwiftPackageProductDependency;
			package = B8DE64C72C4E3F640054E882 /* XCRemoteSwiftPackageReference "Alamofire" */;
			productName = Alamofire;
		};
		B8DE64CE2C4E3FFA0054E882 /* Toast */ = {
			isa = XCSwiftPackageProductDependency;
			package = B8DE64CD2C4E3FFA0054E882 /* XCRemoteSwiftPackageReference "Toast-Swift" */;
			productName = Toast;
		};
		B8DE64D12C4E40340054E882 /* Kingfisher */ = {
			isa = XCSwiftPackageProductDependency;
			package = B8DE64D02C4E40340054E882 /* XCRemoteSwiftPackageReference "Kingfisher" */;
			productName = Kingfisher;
		};
/* End XCSwiftPackageProductDependency section */
	};
	rootObject = B8DE64A02C4E3E5A0054E882 /* Project object */;
}
